
Microsoft Visual Studio Solution File, Format Version 12.00
# Visual Studio Version 17
VisualStudioVersion = 17.9.34622.214
MinimumVisualStudioVersion = 10.0.40219.1
Project("{FAE04EC0-301F-11D3-BF4B-00C04F79EFBC}") = "Student_Management_Systems", "Student_Management_Systems\Student_Management_Systems.csproj", "{6291F110-D40E-42AE-B02E-A71AE47F02EE}"
EndProject
Global
	GlobalSection(SolutionConfigurationPlatforms) = preSolution
		Debug|Any CPU = Debug|Any CPU
		Release|Any CPU = Release|Any CPU
	EndGlobalSection
	GlobalSection(ProjectConfigurationPlatforms) = postSolution
		{6291F110-D40E-42AE-B02E-A71AE47F02EE}.Debug|Any CPU.ActiveCfg = Debug|Any CPU
		{6291F110-D40E-42AE-B02E-A71AE47F02EE}.Debug|Any CPU.Build.0 = Debug|Any CPU
		{6291F110-D40E-42AE-B02E-A71AE47F02EE}.Release|Any CPU.ActiveCfg = Release|Any CPU
		{6291F110-D40E-42AE-B02E-A71AE47F02EE}.Release|Any CPU.Build.0 = Release|Any CPU
	EndGlobalSection
	GlobalSection(SolutionProperties) = preSolution
		HideSolutionNode = FALSE
	EndGlobalSection
	GlobalSection(ExtensibilityGlobals) = postSolution
		SolutionGuid = {EF9C3640-26C9-4EBA-A9AB-264102BAFCB4}
	EndGlobalSection
EndGlobal
